
Microsoft Visual Studio Solution File, Format Version 12.00
# Visual Studio Version 17
VisualStudioVersion = 17.3.32825.248
MinimumVisualStudioVersion = 10.0.40219.1
Project("{9A19103F-16F7-4668-BE54-9A1E7A4F7556}") = "U13_AJAX_Ej2", "U13_AJAX_Ej2\U13_AJAX_Ej2.csproj", "{0066EEAE-5EB3-4250-AF98-7754F06909E4}"
EndProject
Project("{9A19103F-16F7-4668-BE54-9A1E7A4F7556}") = "CRUD_Personas_ASP", "..\1 Trimestre\CRUD_Personas\CRUD_Personas_ASP\CRUD_Personas_ASP.csproj", "{131CBB78-1F6D-4640-B304-0169D42030FA}"
EndProject
Project("{9A19103F-16F7-4668-BE54-9A1E7A4F7556}") = "CRUD_Personas_Entidades", "..\1 Trimestre\CRUD_Personas\CRUD_Personas_Entidades\CRUD_Personas_Entidades.csproj", "{4756D237-9D43-4E91-8EB2-69FD4B2675DF}"
EndProject
Project("{9A19103F-16F7-4668-BE54-9A1E7A4F7556}") = "CRUD_Personas_BL", "..\1 Trimestre\CRUD_Personas\CRUD_Personas_BL\CRUD_Personas_BL.csproj", "{06FAB72C-C54E-4C16-A2CC-7CD0855A305C}"
EndProject
Project("{9A19103F-16F7-4668-BE54-9A1E7A4F7556}") = "CRUD_Personas_DAL", "..\1 Trimestre\CRUD_Personas\CRUD_Personas_DAL\CRUD_Personas_DAL.csproj", "{345457DB-95BB-4648-9B7A-000BC1158DC8}"
EndProject
Global
	GlobalSection(SolutionConfigurationPlatforms) = preSolution
		Debug|Any CPU = Debug|Any CPU
		Release|Any CPU = Release|Any CPU
	EndGlobalSection
	GlobalSection(ProjectConfigurationPlatforms) = postSolution
		{0066EEAE-5EB3-4250-AF98-7754F06909E4}.Debug|Any CPU.ActiveCfg = Debug|Any CPU
		{0066EEAE-5EB3-4250-AF98-7754F06909E4}.Debug|Any CPU.Build.0 = Debug|Any CPU
		{0066EEAE-5EB3-4250-AF98-7754F06909E4}.Release|Any CPU.ActiveCfg = Release|Any CPU
		{0066EEAE-5EB3-4250-AF98-7754F06909E4}.Release|Any CPU.Build.0 = Release|Any CPU
		{131CBB78-1F6D-4640-B304-0169D42030FA}.Debug|Any CPU.ActiveCfg = Debug|Any CPU
		{131CBB78-1F6D-4640-B304-0169D42030FA}.Debug|Any CPU.Build.0 = Debug|Any CPU
		{131CBB78-1F6D-4640-B304-0169D42030FA}.Release|Any CPU.ActiveCfg = Release|Any CPU
		{131CBB78-1F6D-4640-B304-0169D42030FA}.Release|Any CPU.Build.0 = Release|Any CPU
		{4756D237-9D43-4E91-8EB2-69FD4B2675DF}.Debug|Any CPU.ActiveCfg = Debug|Any CPU
		{4756D237-9D43-4E91-8EB2-69FD4B2675DF}.Debug|Any CPU.Build.0 = Debug|Any CPU
		{4756D237-9D43-4E91-8EB2-69FD4B2675DF}.Release|Any CPU.ActiveCfg = Release|Any CPU
		{4756D237-9D43-4E91-8EB2-69FD4B2675DF}.Release|Any CPU.Build.0 = Release|Any CPU
		{06FAB72C-C54E-4C16-A2CC-7CD0855A305C}.Debug|Any CPU.ActiveCfg = Debug|Any CPU
		{06FAB72C-C54E-4C16-A2CC-7CD0855A305C}.Debug|Any CPU.Build.0 = Debug|Any CPU
		{06FAB72C-C54E-4C16-A2CC-7CD0855A305C}.Release|Any CPU.ActiveCfg = Release|Any CPU
		{06FAB72C-C54E-4C16-A2CC-7CD0855A305C}.Release|Any CPU.Build.0 = Release|Any CPU
		{345457DB-95BB-4648-9B7A-000BC1158DC8}.Debug|Any CPU.ActiveCfg = Debug|Any CPU
		{345457DB-95BB-4648-9B7A-000BC1158DC8}.Debug|Any CPU.Build.0 = Debug|Any CPU
		{345457DB-95BB-4648-9B7A-000BC1158DC8}.Release|Any CPU.ActiveCfg = Release|Any CPU
		{345457DB-95BB-4648-9B7A-000BC1158DC8}.Release|Any CPU.Build.0 = Release|Any CPU
	EndGlobalSection
	GlobalSection(SolutionProperties) = preSolution
		HideSolutionNode = FALSE
	EndGlobalSection
	GlobalSection(ExtensibilityGlobals) = postSolution
		SolutionGuid = {F5C45E67-986C-4B8A-BD37-98FD5EEF0063}
	EndGlobalSection
EndGlobal
