
Microsoft Visual Studio Solution File, Format Version 12.00
# Visual Studio Version 17
VisualStudioVersion = 17.3.32825.248
MinimumVisualStudioVersion = 10.0.40219.1
Project("{FAE04EC0-301F-11D3-BF4B-00C04F79EFBC}") = "CirculitosJuguetones_ASP", "CirculitosJuguetones_ASP\CirculitosJuguetones_ASP.csproj", "{495AA00C-5484-4AE0-9DD9-D2D822214758}"
EndProject
Project("{FAE04EC0-301F-11D3-BF4B-00C04F79EFBC}") = "Entidades", "Entidades\Entidades.csproj", "{8CCD691D-D5C3-428B-A08D-0722D36B5286}"
EndProject
Project("{FAE04EC0-301F-11D3-BF4B-00C04F79EFBC}") = "CirculitosJuguetones_MAUI", "CirculitosJuguetones_MAUI\CirculitosJuguetones_MAUI.csproj", "{BA95DDAD-44DB-4987-8C14-BFB70C8416C8}"
EndProject
Global
	GlobalSection(SolutionConfigurationPlatforms) = preSolution
		Debug|Any CPU = Debug|Any CPU
		Release|Any CPU = Release|Any CPU
	EndGlobalSection
	GlobalSection(ProjectConfigurationPlatforms) = postSolution
		{495AA00C-5484-4AE0-9DD9-D2D822214758}.Debug|Any CPU.ActiveCfg = Debug|Any CPU
		{495AA00C-5484-4AE0-9DD9-D2D822214758}.Debug|Any CPU.Build.0 = Debug|Any CPU
		{495AA00C-5484-4AE0-9DD9-D2D822214758}.Release|Any CPU.ActiveCfg = Release|Any CPU
		{495AA00C-5484-4AE0-9DD9-D2D822214758}.Release|Any CPU.Build.0 = Release|Any CPU
		{8CCD691D-D5C3-428B-A08D-0722D36B5286}.Debug|Any CPU.ActiveCfg = Debug|Any CPU
		{8CCD691D-D5C3-428B-A08D-0722D36B5286}.Debug|Any CPU.Build.0 = Debug|Any CPU
		{8CCD691D-D5C3-428B-A08D-0722D36B5286}.Release|Any CPU.ActiveCfg = Release|Any CPU
		{8CCD691D-D5C3-428B-A08D-0722D36B5286}.Release|Any CPU.Build.0 = Release|Any CPU
		{BA95DDAD-44DB-4987-8C14-BFB70C8416C8}.Debug|Any CPU.ActiveCfg = Debug|Any CPU
		{BA95DDAD-44DB-4987-8C14-BFB70C8416C8}.Debug|Any CPU.Build.0 = Debug|Any CPU
		{BA95DDAD-44DB-4987-8C14-BFB70C8416C8}.Debug|Any CPU.Deploy.0 = Debug|Any CPU
		{BA95DDAD-44DB-4987-8C14-BFB70C8416C8}.Release|Any CPU.ActiveCfg = Release|Any CPU
		{BA95DDAD-44DB-4987-8C14-BFB70C8416C8}.Release|Any CPU.Build.0 = Release|Any CPU
		{BA95DDAD-44DB-4987-8C14-BFB70C8416C8}.Release|Any CPU.Deploy.0 = Release|Any CPU
	EndGlobalSection
	GlobalSection(SolutionProperties) = preSolution
		HideSolutionNode = FALSE
	EndGlobalSection
	GlobalSection(ExtensibilityGlobals) = postSolution
		SolutionGuid = {198E13B0-FCA5-4C08-B2BD-1B5266C82C4F}
	EndGlobalSection
EndGlobal
