
Microsoft Visual Studio Solution File, Format Version 12.00
# Visual Studio Version 17
VisualStudioVersion = 17.3.32825.248
MinimumVisualStudioVersion = 10.0.40219.1
Project("{778DAE3C-4631-46EA-AA77-85C1314464D9}") = "03-Hello World_WindowsForms", "03-Hello World_WindowsForms\03-Hello World_WindowsForms.vbproj", "{A9453A56-44E9-4EF0-A25F-BD89BED46EA6}"
EndProject
Project("{9A19103F-16F7-4668-BE54-9A1E7A4F7556}") = "03-Hello World_WPF", "03-Hello World_WPF\03-Hello World_WPF.csproj", "{7FA0E873-0785-42A5-8DA9-8B69496F2924}"
EndProject
Project("{FAE04EC0-301F-11D3-BF4B-00C04F79EFBC}") = "03-Hello World-UWP", "03-Hello World-UWP\03-Hello World-UWP.csproj", "{34454EB1-04FF-42D5-8A91-F9168938E321}"
EndProject
Project("{9A19103F-16F7-4668-BE54-9A1E7A4F7556}") = "03-Hello World-Entidades Estrandar", "03-Hello World-Entidades Estrandar\03-Hello World-Entidades Estrandar.csproj", "{49612C6D-71FB-4243-B62C-F06BEF646361}"
EndProject
Project("{FAE04EC0-301F-11D3-BF4B-00C04F79EFBC}") = "03-Hello World_MAUI", "03-Hello World_MAUI\03-Hello World_MAUI.csproj", "{28B8F0C2-3588-4E61-AAF8-E7DB0DB16EA2}"
EndProject
Global
	GlobalSection(SolutionConfigurationPlatforms) = preSolution
		Debug|Any CPU = Debug|Any CPU
		Debug|ARM = Debug|ARM
		Debug|ARM64 = Debug|ARM64
		Debug|x64 = Debug|x64
		Debug|x86 = Debug|x86
		Release|Any CPU = Release|Any CPU
		Release|ARM = Release|ARM
		Release|ARM64 = Release|ARM64
		Release|x64 = Release|x64
		Release|x86 = Release|x86
	EndGlobalSection
	GlobalSection(ProjectConfigurationPlatforms) = postSolution
		{A9453A56-44E9-4EF0-A25F-BD89BED46EA6}.Debug|Any CPU.ActiveCfg = Debug|Any CPU
		{A9453A56-44E9-4EF0-A25F-BD89BED46EA6}.Debug|Any CPU.Build.0 = Debug|Any CPU
		{A9453A56-44E9-4EF0-A25F-BD89BED46EA6}.Debug|ARM.ActiveCfg = Debug|Any CPU
		{A9453A56-44E9-4EF0-A25F-BD89BED46EA6}.Debug|ARM.Build.0 = Debug|Any CPU
		{A9453A56-44E9-4EF0-A25F-BD89BED46EA6}.Debug|ARM64.ActiveCfg = Debug|Any CPU
		{A9453A56-44E9-4EF0-A25F-BD89BED46EA6}.Debug|ARM64.Build.0 = Debug|Any CPU
		{A9453A56-44E9-4EF0-A25F-BD89BED46EA6}.Debug|x64.ActiveCfg = Debug|Any CPU
		{A9453A56-44E9-4EF0-A25F-BD89BED46EA6}.Debug|x64.Build.0 = Debug|Any CPU
		{A9453A56-44E9-4EF0-A25F-BD89BED46EA6}.Debug|x86.ActiveCfg = Debug|Any CPU
		{A9453A56-44E9-4EF0-A25F-BD89BED46EA6}.Debug|x86.Build.0 = Debug|Any CPU
		{A9453A56-44E9-4EF0-A25F-BD89BED46EA6}.Release|Any CPU.ActiveCfg = Release|Any CPU
		{A9453A56-44E9-4EF0-A25F-BD89BED46EA6}.Release|Any CPU.Build.0 = Release|Any CPU
		{A9453A56-44E9-4EF0-A25F-BD89BED46EA6}.Release|ARM.ActiveCfg = Release|Any CPU
		{A9453A56-44E9-4EF0-A25F-BD89BED46EA6}.Release|ARM.Build.0 = Release|Any CPU
		{A9453A56-44E9-4EF0-A25F-BD89BED46EA6}.Release|ARM64.ActiveCfg = Release|Any CPU
		{A9453A56-44E9-4EF0-A25F-BD89BED46EA6}.Release|ARM64.Build.0 = Release|Any CPU
		{A9453A56-44E9-4EF0-A25F-BD89BED46EA6}.Release|x64.ActiveCfg = Release|Any CPU
		{A9453A56-44E9-4EF0-A25F-BD89BED46EA6}.Release|x64.Build.0 = Release|Any CPU
		{A9453A56-44E9-4EF0-A25F-BD89BED46EA6}.Release|x86.ActiveCfg = Release|Any CPU
		{A9453A56-44E9-4EF0-A25F-BD89BED46EA6}.Release|x86.Build.0 = Release|Any CPU
		{7FA0E873-0785-42A5-8DA9-8B69496F2924}.Debug|Any CPU.ActiveCfg = Debug|Any CPU
		{7FA0E873-0785-42A5-8DA9-8B69496F2924}.Debug|Any CPU.Build.0 = Debug|Any CPU
		{7FA0E873-0785-42A5-8DA9-8B69496F2924}.Debug|ARM.ActiveCfg = Debug|Any CPU
		{7FA0E873-0785-42A5-8DA9-8B69496F2924}.Debug|ARM.Build.0 = Debug|Any CPU
		{7FA0E873-0785-42A5-8DA9-8B69496F2924}.Debug|ARM64.ActiveCfg = Debug|Any CPU
		{7FA0E873-0785-42A5-8DA9-8B69496F2924}.Debug|ARM64.Build.0 = Debug|Any CPU
		{7FA0E873-0785-42A5-8DA9-8B69496F2924}.Debug|x64.ActiveCfg = Debug|Any CPU
		{7FA0E873-0785-42A5-8DA9-8B69496F2924}.Debug|x64.Build.0 = Debug|Any CPU
		{7FA0E873-0785-42A5-8DA9-8B69496F2924}.Debug|x86.ActiveCfg = Debug|Any CPU
		{7FA0E873-0785-42A5-8DA9-8B69496F2924}.Debug|x86.Build.0 = Debug|Any CPU
		{7FA0E873-0785-42A5-8DA9-8B69496F2924}.Release|Any CPU.ActiveCfg = Release|Any CPU
		{7FA0E873-0785-42A5-8DA9-8B69496F2924}.Release|Any CPU.Build.0 = Release|Any CPU
		{7FA0E873-0785-42A5-8DA9-8B69496F2924}.Release|ARM.ActiveCfg = Release|Any CPU
		{7FA0E873-0785-42A5-8DA9-8B69496F2924}.Release|ARM.Build.0 = Release|Any CPU
		{7FA0E873-0785-42A5-8DA9-8B69496F2924}.Release|ARM64.ActiveCfg = Release|Any CPU
		{7FA0E873-0785-42A5-8DA9-8B69496F2924}.Release|ARM64.Build.0 = Release|Any CPU
		{7FA0E873-0785-42A5-8DA9-8B69496F2924}.Release|x64.ActiveCfg = Release|Any CPU
		{7FA0E873-0785-42A5-8DA9-8B69496F2924}.Release|x64.Build.0 = Release|Any CPU
		{7FA0E873-0785-42A5-8DA9-8B69496F2924}.Release|x86.ActiveCfg = Release|Any CPU
		{7FA0E873-0785-42A5-8DA9-8B69496F2924}.Release|x86.Build.0 = Release|Any CPU
		{34454EB1-04FF-42D5-8A91-F9168938E321}.Debug|Any CPU.ActiveCfg = Debug|x64
		{34454EB1-04FF-42D5-8A91-F9168938E321}.Debug|Any CPU.Build.0 = Debug|x64
		{34454EB1-04FF-42D5-8A91-F9168938E321}.Debug|Any CPU.Deploy.0 = Debug|x64
		{34454EB1-04FF-42D5-8A91-F9168938E321}.Debug|ARM.ActiveCfg = Debug|ARM
		{34454EB1-04FF-42D5-8A91-F9168938E321}.Debug|ARM.Build.0 = Debug|ARM
		{34454EB1-04FF-42D5-8A91-F9168938E321}.Debug|ARM.Deploy.0 = Debug|ARM
		{34454EB1-04FF-42D5-8A91-F9168938E321}.Debug|ARM64.ActiveCfg = Debug|ARM64
		{34454EB1-04FF-42D5-8A91-F9168938E321}.Debug|ARM64.Build.0 = Debug|ARM64
		{34454EB1-04FF-42D5-8A91-F9168938E321}.Debug|ARM64.Deploy.0 = Debug|ARM64
		{34454EB1-04FF-42D5-8A91-F9168938E321}.Debug|x64.ActiveCfg = Debug|x64
		{34454EB1-04FF-42D5-8A91-F9168938E321}.Debug|x64.Build.0 = Debug|x64
		{34454EB1-04FF-42D5-8A91-F9168938E321}.Debug|x64.Deploy.0 = Debug|x64
		{34454EB1-04FF-42D5-8A91-F9168938E321}.Debug|x86.ActiveCfg = Debug|x86
		{34454EB1-04FF-42D5-8A91-F9168938E321}.Debug|x86.Build.0 = Debug|x86
		{34454EB1-04FF-42D5-8A91-F9168938E321}.Debug|x86.Deploy.0 = Debug|x86
		{34454EB1-04FF-42D5-8A91-F9168938E321}.Release|Any CPU.ActiveCfg = Release|x64
		{34454EB1-04FF-42D5-8A91-F9168938E321}.Release|Any CPU.Build.0 = Release|x64
		{34454EB1-04FF-42D5-8A91-F9168938E321}.Release|Any CPU.Deploy.0 = Release|x64
		{34454EB1-04FF-42D5-8A91-F9168938E321}.Release|ARM.ActiveCfg = Release|ARM
		{34454EB1-04FF-42D5-8A91-F9168938E321}.Release|ARM.Build.0 = Release|ARM
		{34454EB1-04FF-42D5-8A91-F9168938E321}.Release|ARM.Deploy.0 = Release|ARM
		{34454EB1-04FF-42D5-8A91-F9168938E321}.Release|ARM64.ActiveCfg = Release|ARM64
		{34454EB1-04FF-42D5-8A91-F9168938E321}.Release|ARM64.Build.0 = Release|ARM64
		{34454EB1-04FF-42D5-8A91-F9168938E321}.Release|ARM64.Deploy.0 = Release|ARM64
		{34454EB1-04FF-42D5-8A91-F9168938E321}.Release|x64.ActiveCfg = Release|x64
		{34454EB1-04FF-42D5-8A91-F9168938E321}.Release|x64.Build.0 = Release|x64
		{34454EB1-04FF-42D5-8A91-F9168938E321}.Release|x64.Deploy.0 = Release|x64
		{34454EB1-04FF-42D5-8A91-F9168938E321}.Release|x86.ActiveCfg = Release|x86
		{34454EB1-04FF-42D5-8A91-F9168938E321}.Release|x86.Build.0 = Release|x86
		{34454EB1-04FF-42D5-8A91-F9168938E321}.Release|x86.Deploy.0 = Release|x86
		{49612C6D-71FB-4243-B62C-F06BEF646361}.Debug|Any CPU.ActiveCfg = Debug|Any CPU
		{49612C6D-71FB-4243-B62C-F06BEF646361}.Debug|Any CPU.Build.0 = Debug|Any CPU
		{49612C6D-71FB-4243-B62C-F06BEF646361}.Debug|ARM.ActiveCfg = Debug|Any CPU
		{49612C6D-71FB-4243-B62C-F06BEF646361}.Debug|ARM.Build.0 = Debug|Any CPU
		{49612C6D-71FB-4243-B62C-F06BEF646361}.Debug|ARM64.ActiveCfg = Debug|Any CPU
		{49612C6D-71FB-4243-B62C-F06BEF646361}.Debug|ARM64.Build.0 = Debug|Any CPU
		{49612C6D-71FB-4243-B62C-F06BEF646361}.Debug|x64.ActiveCfg = Debug|Any CPU
		{49612C6D-71FB-4243-B62C-F06BEF646361}.Debug|x64.Build.0 = Debug|Any CPU
		{49612C6D-71FB-4243-B62C-F06BEF646361}.Debug|x86.ActiveCfg = Debug|Any CPU
		{49612C6D-71FB-4243-B62C-F06BEF646361}.Debug|x86.Build.0 = Debug|Any CPU
		{49612C6D-71FB-4243-B62C-F06BEF646361}.Release|Any CPU.ActiveCfg = Release|Any CPU
		{49612C6D-71FB-4243-B62C-F06BEF646361}.Release|Any CPU.Build.0 = Release|Any CPU
		{49612C6D-71FB-4243-B62C-F06BEF646361}.Release|ARM.ActiveCfg = Release|Any CPU
		{49612C6D-71FB-4243-B62C-F06BEF646361}.Release|ARM.Build.0 = Release|Any CPU
		{49612C6D-71FB-4243-B62C-F06BEF646361}.Release|ARM64.ActiveCfg = Release|Any CPU
		{49612C6D-71FB-4243-B62C-F06BEF646361}.Release|ARM64.Build.0 = Release|Any CPU
		{49612C6D-71FB-4243-B62C-F06BEF646361}.Release|x64.ActiveCfg = Release|Any CPU
		{49612C6D-71FB-4243-B62C-F06BEF646361}.Release|x64.Build.0 = Release|Any CPU
		{49612C6D-71FB-4243-B62C-F06BEF646361}.Release|x86.ActiveCfg = Release|Any CPU
		{49612C6D-71FB-4243-B62C-F06BEF646361}.Release|x86.Build.0 = Release|Any CPU
		{28B8F0C2-3588-4E61-AAF8-E7DB0DB16EA2}.Debug|Any CPU.ActiveCfg = Debug|Any CPU
		{28B8F0C2-3588-4E61-AAF8-E7DB0DB16EA2}.Debug|Any CPU.Build.0 = Debug|Any CPU
		{28B8F0C2-3588-4E61-AAF8-E7DB0DB16EA2}.Debug|Any CPU.Deploy.0 = Debug|Any CPU
		{28B8F0C2-3588-4E61-AAF8-E7DB0DB16EA2}.Debug|ARM.ActiveCfg = Debug|Any CPU
		{28B8F0C2-3588-4E61-AAF8-E7DB0DB16EA2}.Debug|ARM.Build.0 = Debug|Any CPU
		{28B8F0C2-3588-4E61-AAF8-E7DB0DB16EA2}.Debug|ARM.Deploy.0 = Debug|Any CPU
		{28B8F0C2-3588-4E61-AAF8-E7DB0DB16EA2}.Debug|ARM64.ActiveCfg = Debug|Any CPU
		{28B8F0C2-3588-4E61-AAF8-E7DB0DB16EA2}.Debug|ARM64.Build.0 = Debug|Any CPU
		{28B8F0C2-3588-4E61-AAF8-E7DB0DB16EA2}.Debug|ARM64.Deploy.0 = Debug|Any CPU
		{28B8F0C2-3588-4E61-AAF8-E7DB0DB16EA2}.Debug|x64.ActiveCfg = Debug|Any CPU
		{28B8F0C2-3588-4E61-AAF8-E7DB0DB16EA2}.Debug|x64.Build.0 = Debug|Any CPU
		{28B8F0C2-3588-4E61-AAF8-E7DB0DB16EA2}.Debug|x64.Deploy.0 = Debug|Any CPU
		{28B8F0C2-3588-4E61-AAF8-E7DB0DB16EA2}.Debug|x86.ActiveCfg = Debug|Any CPU
		{28B8F0C2-3588-4E61-AAF8-E7DB0DB16EA2}.Debug|x86.Build.0 = Debug|Any CPU
		{28B8F0C2-3588-4E61-AAF8-E7DB0DB16EA2}.Debug|x86.Deploy.0 = Debug|Any CPU
		{28B8F0C2-3588-4E61-AAF8-E7DB0DB16EA2}.Release|Any CPU.ActiveCfg = Release|Any CPU
		{28B8F0C2-3588-4E61-AAF8-E7DB0DB16EA2}.Release|Any CPU.Build.0 = Release|Any CPU
		{28B8F0C2-3588-4E61-AAF8-E7DB0DB16EA2}.Release|Any CPU.Deploy.0 = Release|Any CPU
		{28B8F0C2-3588-4E61-AAF8-E7DB0DB16EA2}.Release|ARM.ActiveCfg = Release|Any CPU
		{28B8F0C2-3588-4E61-AAF8-E7DB0DB16EA2}.Release|ARM.Build.0 = Release|Any CPU
		{28B8F0C2-3588-4E61-AAF8-E7DB0DB16EA2}.Release|ARM.Deploy.0 = Release|Any CPU
		{28B8F0C2-3588-4E61-AAF8-E7DB0DB16EA2}.Release|ARM64.ActiveCfg = Release|Any CPU
		{28B8F0C2-3588-4E61-AAF8-E7DB0DB16EA2}.Release|ARM64.Build.0 = Release|Any CPU
		{28B8F0C2-3588-4E61-AAF8-E7DB0DB16EA2}.Release|ARM64.Deploy.0 = Release|Any CPU
		{28B8F0C2-3588-4E61-AAF8-E7DB0DB16EA2}.Release|x64.ActiveCfg = Release|Any CPU
		{28B8F0C2-3588-4E61-AAF8-E7DB0DB16EA2}.Release|x64.Build.0 = Release|Any CPU
		{28B8F0C2-3588-4E61-AAF8-E7DB0DB16EA2}.Release|x64.Deploy.0 = Release|Any CPU
		{28B8F0C2-3588-4E61-AAF8-E7DB0DB16EA2}.Release|x86.ActiveCfg = Release|Any CPU
		{28B8F0C2-3588-4E61-AAF8-E7DB0DB16EA2}.Release|x86.Build.0 = Release|Any CPU
		{28B8F0C2-3588-4E61-AAF8-E7DB0DB16EA2}.Release|x86.Deploy.0 = Release|Any CPU
	EndGlobalSection
	GlobalSection(SolutionProperties) = preSolution
		HideSolutionNode = FALSE
	EndGlobalSection
	GlobalSection(ExtensibilityGlobals) = postSolution
		SolutionGuid = {39F9A56C-5AD2-4E61-9513-1F8A044EB6B7}
	EndGlobalSection
EndGlobal
